// !$*UTF8*$!
{
	archiveVersion = 1;
	classes = {
	};
	objectVersion = 46;
	objects = {

/* Begin PBXBuildFile section */
		F42DAC171F06176C0040E06F /* Audio.swift in Sources */ = {isa = PBXBuildFile; fileRef = F42DAC161F06176C0040E06F /* Audio.swift */; };
		F42DAC241F06EC520040E06F /* HappyEnding.wav in Resources */ = {isa = PBXBuildFile; fileRef = F42DAC211F06EC520040E06F /* HappyEnding.wav */; };
		F42DAC251F06EC520040E06F /* Ominous.wav in Resources */ = {isa = PBXBuildFile; fileRef = F42DAC221F06EC520040E06F /* Ominous.wav */; };
		F42DAC261F06EC520040E06F /* PageTurn.wav in Resources */ = {isa = PBXBuildFile; fileRef = F42DAC231F06EC520040E06F /* PageTurn.wav */; };
		F4A6885B1EE3F0AF004EF952 /* AppDelegate.swift in Sources */ = {isa = PBXBuildFile; fileRef = F4A6885A1EE3F0AF004EF952 /* AppDelegate.swift */; };
		F4A6885D1EE3F0AF004EF952 /* ViewController.swift in Sources */ = {isa = PBXBuildFile; fileRef = F4A6885C1EE3F0AF004EF952 /* ViewController.swift */; };
		F4A688601EE3F0AF004EF952 /* Main.storyboard in Resources */ = {isa = PBXBuildFile; fileRef = F4A6885E1EE3F0AF004EF952 /* Main.storyboard */; };
		F4A688621EE3F0AF004EF952 /* Assets.xcassets in Resources */ = {isa = PBXBuildFile; fileRef = F4A688611EE3F0AF004EF952 /* Assets.xcassets */; };
		F4A688651EE3F0AF004EF952 /* LaunchScreen.storyboard in Resources */ = {isa = PBXBuildFile; fileRef = F4A688631EE3F0AF004EF952 /* LaunchScreen.storyboard */; };
		F4D914E81F0310FB0009CFC1 /* Story.swift in Sources */ = {isa = PBXBuildFile; fileRef = F4D914E71F0310FB0009CFC1 /* Story.swift */; };
		F4D914EA1F0331BE0009CFC1 /* Page.swift in Sources */ = {isa = PBXBuildFile; fileRef = F4D914E91F0331BE0009CFC1 /* Page.swift */; };
		F4D914EC1F048C870009CFC1 /* PageController.swift in Sources */ = {isa = PBXBuildFile; fileRef = F4D914EB1F048C870009CFC1 /* PageController.swift */; };
/* End PBXBuildFile section */

/* Begin PBXFileReference section */
		F42DAC161F06176C0040E06F /* Audio.swift */ = {isa = PBXFileReference; fileEncoding = 4; lastKnownFileType = sourcecode.swift; path = Audio.swift; sourceTree = "<group>"; };
		F42DAC211F06EC520040E06F /* HappyEnding.wav */ = {isa = PBXFileReference; lastKnownFileType = audio.wav; path = HappyEnding.wav; sourceTree = "<group>"; };
		F42DAC221F06EC520040E06F /* Ominous.wav */ = {isa = PBXFileReference; lastKnownFileType = audio.wav; path = Ominous.wav; sourceTree = "<group>"; };
		F42DAC231F06EC520040E06F /* PageTurn.wav */ = {isa = PBXFileReference; lastKnownFileType = audio.wav; path = PageTurn.wav; sourceTree = "<group>"; };
		F4A688571EE3F0AF004EF952 /* InteractiveStory.app */ = {isa = PBXFileReference; explicitFileType = wrapper.application; includeInIndex = 0; path = InteractiveStory.app; sourceTree = BUILT_PRODUCTS_DIR; };
		F4A6885A1EE3F0AF004EF952 /* AppDelegate.swift */ = {isa = PBXFileReference; lastKnownFileType = sourcecode.swift; path = AppDelegate.swift; sourceTree = "<group>"; };
		F4A6885C1EE3F0AF004EF952 /* ViewController.swift */ = {isa = PBXFileReference; lastKnownFileType = sourcecode.swift; path = ViewController.swift; sourceTree = "<group>"; };
		F4A6885F1EE3F0AF004EF952 /* Base */ = {isa = PBXFileReference; lastKnownFileType = file.storyboard; name = Base; path = Base.lproj/Main.storyboard; sourceTree = "<group>"; };
		F4A688611EE3F0AF004EF952 /* Assets.xcassets */ = {isa = PBXFileReference; lastKnownFileType = folder.assetcatalog; path = Assets.xcassets; sourceTree = "<group>"; };
		F4A688641EE3F0AF004EF952 /* Base */ = {isa = PBXFileReference; lastKnownFileType = file.storyboard; name = Base; path = Base.lproj/LaunchScreen.storyboard; sourceTree = "<group>"; };
		F4A688661EE3F0AF004EF952 /* Info.plist */ = {isa = PBXFileReference; lastKnownFileType = text.plist.xml; path = Info.plist; sourceTree = "<group>"; };
		F4D914E71F0310FB0009CFC1 /* Story.swift */ = {isa = PBXFileReference; fileEncoding = 4; lastKnownFileType = sourcecode.swift; path = Story.swift; sourceTree = "<group>"; };
		F4D914E91F0331BE0009CFC1 /* Page.swift */ = {isa = PBXFileReference; fileEncoding = 4; lastKnownFileType = sourcecode.swift; path = Page.swift; sourceTree = "<group>"; };
		F4D914EB1F048C870009CFC1 /* PageController.swift */ = {isa = PBXFileReference; fileEncoding = 4; lastKnownFileType = sourcecode.swift; path = PageController.swift; sourceTree = "<group>"; };
/* End PBXFileReference section */

/* Begin PBXFrameworksBuildPhase section */
		F4A688541EE3F0AF004EF952 /* Frameworks */ = {
			isa = PBXFrameworksBuildPhase;
			buildActionMask = 2147483647;
			files = (
			);
			runOnlyForDeploymentPostprocessing = 0;
		};
/* End PBXFrameworksBuildPhase section */

/* Begin PBXGroup section */
		F42DAC201F06EC330040E06F /* Resources */ = {
			isa = PBXGroup;
			children = (
				F42DAC211F06EC520040E06F /* HappyEnding.wav */,
				F42DAC221F06EC520040E06F /* Ominous.wav */,
				F42DAC231F06EC520040E06F /* PageTurn.wav */,
			);
			name = Resources;
			sourceTree = "<group>";
		};
		F4A6884E1EE3F0AF004EF952 = {
			isa = PBXGroup;
			children = (
				F4A688591EE3F0AF004EF952 /* InteractiveStory */,
				F4A688581EE3F0AF004EF952 /* Products */,
			);
			sourceTree = "<group>";
		};
		F4A688581EE3F0AF004EF952 /* Products */ = {
			isa = PBXGroup;
			children = (
				F4A688571EE3F0AF004EF952 /* InteractiveStory.app */,
			);
			name = Products;
			sourceTree = "<group>";
		};
		F4A688591EE3F0AF004EF952 /* InteractiveStory */ = {
			isa = PBXGroup;
			children = (
				F42DAC201F06EC330040E06F /* Resources */,
				F4A6885A1EE3F0AF004EF952 /* AppDelegate.swift */,
				F4A6885C1EE3F0AF004EF952 /* ViewController.swift */,
				F4A6885E1EE3F0AF004EF952 /* Main.storyboard */,
				F4D914E91F0331BE0009CFC1 /* Page.swift */,
				F4D914E71F0310FB0009CFC1 /* Story.swift */,
				F4D914EB1F048C870009CFC1 /* PageController.swift */,
				F4A688611EE3F0AF004EF952 /* Assets.xcassets */,
				F4A688631EE3F0AF004EF952 /* LaunchScreen.storyboard */,
				F4A688661EE3F0AF004EF952 /* Info.plist */,
				F42DAC161F06176C0040E06F /* Audio.swift */,
			);
			path = InteractiveStory;
			sourceTree = "<group>";
		};
/* End PBXGroup section */

/* Begin PBXNativeTarget section */
		F4A688561EE3F0AF004EF952 /* InteractiveStory */ = {
			isa = PBXNativeTarget;
			buildConfigurationList = F4A688691EE3F0AF004EF952 /* Build configuration list for PBXNativeTarget "InteractiveStory" */;
			buildPhases = (
				F4A688531EE3F0AF004EF952 /* Sources */,
				F4A688541EE3F0AF004EF952 /* Frameworks */,
				F4A688551EE3F0AF004EF952 /* Resources */,
			);
			buildRules = (
			);
			dependencies = (
			);
			name = InteractiveStory;
			productName = InteractiveStory;
			productReference = F4A688571EE3F0AF004EF952 /* InteractiveStory.app */;
			productType = "com.apple.product-type.application";
		};
/* End PBXNativeTarget section */

/* Begin PBXProject section */
		F4A6884F1EE3F0AF004EF952 /* Project object */ = {
			isa = PBXProject;
			attributes = {
				LastSwiftUpdateCheck = 0820;
				LastUpgradeCheck = 0820;
				ORGANIZATIONNAME = "Sarah Kohl";
				TargetAttributes = {
					F4A688561EE3F0AF004EF952 = {
						CreatedOnToolsVersion = 8.2.1;
						DevelopmentTeam = TQ4CTVNPPG;
						ProvisioningStyle = Automatic;
					};
				};
			};
			buildConfigurationList = F4A688521EE3F0AF004EF952 /* Build configuration list for PBXProject "InteractiveStory" */;
			compatibilityVersion = "Xcode 3.2";
			developmentRegion = English;
			hasScannedForEncodings = 0;
			knownRegions = (
				en,
				Base,
			);
			mainGroup = F4A6884E1EE3F0AF004EF952;
			productRefGroup = F4A688581EE3F0AF004EF952 /* Products */;
			projectDirPath = "";
			projectRoot = "";
			targets = (
				F4A688561EE3F0AF004EF952 /* InteractiveStory */,
			);
		};
/* End PBXProject section */

/* Begin PBXResourcesBuildPhase section */
		F4A688551EE3F0AF004EF952 /* Resources */ = {
			isa = PBXResourcesBuildPhase;
			buildActionMask = 2147483647;
			files = (
				F42DAC251F06EC520040E06F /* Ominous.wav in Resources */,
				F4A688651EE3F0AF004EF952 /* LaunchScreen.storyboard in Resources */,
				F4A688621EE3F0AF004EF952 /* Assets.xcassets in Resources */,
				F42DAC241F06EC520040E06F /* HappyEnding.wav in Resources */,
				F42DAC261F06EC520040E06F /* PageTurn.wav in Resources */,
				F4A688601EE3F0AF004EF952 /* Main.storyboard in Resources */,
			);
			runOnlyForDeploymentPostprocessing = 0;
		};
/* End PBXResourcesBuildPhase section */

/* Begin PBXSourcesBuildPhase section */
		F4A688531EE3F0AF004EF952 /* Sources */ = {
			isa = PBXSourcesBuildPhase;
			buildActionMask = 2147483647;
			files = (
				F42DAC171F06176C0040E06F /* Audio.swift in Sources */,
				F4A6885D1EE3F0AF004EF952 /* ViewController.swift in Sources */,
				F4A6885B1EE3F0AF004EF952 /* AppDelegate.swift in Sources */,
				F4D914EA1F0331BE0009CFC1 /* Page.swift in Sources */,
				F4D914E81F0310FB0009CFC1 /* Story.swift in Sources */,
				F4D914EC1F048C870009CFC1 /* PageController.swift in Sources */,
			);
			runOnlyForDeploymentPostprocessing = 0;
		};
/* End PBXSourcesBuildPhase section */

/* Begin PBXVariantGroup section */
		F4A6885E1EE3F0AF004EF952 /* Main.storyboard */ = {
			isa = PBXVariantGroup;
			children = (
				F4A6885F1EE3F0AF004EF952 /* Base */,
			);
			name = Main.storyboard;
			sourceTree = "<group>";
		};
		F4A688631EE3F0AF004EF952 /* LaunchScreen.storyboard */ = {
			isa = PBXVariantGroup;
			children = (
				F4A688641EE3F0AF004EF952 /* Base */,
			);
			name = LaunchScreen.storyboard;
			sourceTree = "<group>";
		};
/* End PBXVariantGroup section */

/* Begin XCBuildConfiguration section */
		F4A688671EE3F0AF004EF952 /* Debug */ = {
			isa = XCBuildConfiguration;
			buildSettings = {
				ALWAYS_SEARCH_USER_PATHS = NO;
				CLANG_ANALYZER_NONNULL = YES;
				CLANG_CXX_LANGUAGE_STANDARD = "gnu++0x";
				CLANG_CXX_LIBRARY = "libc++";
				CLANG_ENABLE_MODULES = YES;
				CLANG_ENABLE_OBJC_ARC = YES;
				CLANG_WARN_BOOL_CONVERSION = YES;
				CLANG_WARN_CONSTANT_CONVERSION = YES;
				CLANG_WARN_DIRECT_OBJC_ISA_USAGE = YES_ERROR;
				CLANG_WARN_DOCUMENTATION_COMMENTS = YES;
				CLANG_WARN_EMPTY_BODY = YES;
				CLANG_WARN_ENUM_CONVERSION = YES;
				CLANG_WARN_INFINITE_RECURSION = YES;
				CLANG_WARN_INT_CONVERSION = YES;
				CLANG_WARN_OBJC_ROOT_CLASS = YES_ERROR;
				CLANG_WARN_SUSPICIOUS_MOVE = YES;
				CLANG_WARN_UNREACHABLE_CODE = YES;
				CLANG_WARN__DUPLICATE_METHOD_MATCH = YES;
				"CODE_SIGN_IDENTITY[sdk=iphoneos*]" = "iPhone Developer";
				COPY_PHASE_STRIP = NO;
				DEBUG_INFORMATION_FORMAT = dwarf;
				ENABLE_STRICT_OBJC_MSGSEND = YES;
				ENABLE_TESTABILITY = YES;
				GCC_C_LANGUAGE_STANDARD = gnu99;
				GCC_DYNAMIC_NO_PIC = NO;
				GCC_NO_COMMON_BLOCKS = YES;
				GCC_OPTIMIZATION_LEVEL = 0;
				GCC_PREPROCESSOR_DEFINITIONS = (
					"DEBUG=1",
					"$(inherited)",
				);
				GCC_WARN_64_TO_32_BIT_CONVERSION = YES;
				GCC_WARN_ABOUT_RETURN_TYPE = YES_ERROR;
				GCC_WARN_UNDECLARED_SELECTOR = YES;
				GCC_WARN_UNINITIALIZED_AUTOS = YES_AGGRESSIVE;
				GCC_WARN_UNUSED_FUNCTION = YES;
				GCC_WARN_UNUSED_VARIABLE = YES;
				IPHONEOS_DEPLOYMENT_TARGET = 10.2;
				MTL_ENABLE_DEBUG_INFO = YES;
				ONLY_ACTIVE_ARCH = YES;
				SDKROOT = iphoneos;
				SWIFT_ACTIVE_COMPILATION_CONDITIONS = DEBUG;
				SWIFT_OPTIMIZATION_LEVEL = "-Onone";
			};
			name = Debug;
		};
		F4A688681EE3F0AF004EF952 /* Release */ = {
			isa = XCBuildConfiguration;
			buildSettings = {
				ALWAYS_SEARCH_USER_PATHS = NO;
				CLANG_ANALYZER_NONNULL = YES;
				CLANG_CXX_LANGUAGE_STANDARD = "gnu++0x";
				CLANG_CXX_LIBRARY = "libc++";
				CLANG_ENABLE_MODULES = YES;
				CLANG_ENABLE_OBJC_ARC = YES;
				CLANG_WARN_BOOL_CONVERSION = YES;
				CLANG_WARN_CONSTANT_CONVERSION = YES;
				CLANG_WARN_DIRECT_OBJC_ISA_USAGE = YES_ERROR;
				CLANG_WARN_DOCUMENTATION_COMMENTS = YES;
				CLANG_WARN_EMPTY_BODY = YES;
				CLANG_WARN_ENUM_CONVERSION = YES;
				CLANG_WARN_INFINITE_RECURSION = YES;
				CLANG_WARN_INT_CONVERSION = YES;
				CLANG_WARN_OBJC_ROOT_CLASS = YES_ERROR;
				CLANG_WARN_SUSPICIOUS_MOVE = YES;
				CLANG_WARN_UNREACHABLE_CODE = YES;
				CLANG_WARN__DUPLICATE_METHOD_MATCH = YES;
				"CODE_SIGN_IDENTITY[sdk=iphoneos*]" = "iPhone Developer";
				COPY_PHASE_STRIP = NO;
				DEBUG_INFORMATION_FORMAT = "dwarf-with-dsym";
				ENABLE_NS_ASSERTIONS = NO;
				ENABLE_STRICT_OBJC_MSGSEND = YES;
				GCC_C_LANGUAGE_STANDARD = gnu99;
				GCC_NO_COMMON_BLOCKS = YES;
				GCC_WARN_64_TO_32_BIT_CONVERSION = YES;
				GCC_WARN_ABOUT_RETURN_TYPE = YES_ERROR;
				GCC_WARN_UNDECLARED_SELECTOR = YES;
				GCC_WARN_UNINITIALIZED_AUTOS = YES_AGGRESSIVE;
				GCC_WARN_UNUSED_FUNCTION = YES;
				GCC_WARN_UNUSED_VARIABLE = YES;
				IPHONEOS_DEPLOYMENT_TARGET = 10.2;
				MTL_ENABLE_DEBUG_INFO = NO;
				SDKROOT = iphoneos;
				SWIFT_OPTIMIZATION_LEVEL = "-Owholemodule";
				VALIDATE_PRODUCT = YES;
			};
			name = Release;
		};
		F4A6886A1EE3F0AF004EF952 /* Debug */ = {
			isa = XCBuildConfiguration;
			buildSettings = {
				ASSETCATALOG_COMPILER_APPICON_NAME = AppIcon;
				DEVELOPMENT_TEAM = TQ4CTVNPPG;
				INFOPLIST_FILE = InteractiveStory/Info.plist;
				LD_RUNPATH_SEARCH_PATHS = "$(inherited) @executable_path/Frameworks";
				PRODUCT_BUNDLE_IDENTIFIER = "sarahckohl-com.github.InteractiveStory";
				PRODUCT_NAME = "$(TARGET_NAME)";
				SWIFT_VERSION = 3.0;
			};
			name = Debug;
		};
		F4A6886B1EE3F0AF004EF952 /* Release */ = {
			isa = XCBuildConfiguration;
			buildSettings = {
				ASSETCATALOG_COMPILER_APPICON_NAME = AppIcon;
				DEVELOPMENT_TEAM = TQ4CTVNPPG;
				INFOPLIST_FILE = InteractiveStory/Info.plist;
				LD_RUNPATH_SEARCH_PATHS = "$(inherited) @executable_path/Frameworks";
				PRODUCT_BUNDLE_IDENTIFIER = "sarahckohl-com.github.InteractiveStory";
				PRODUCT_NAME = "$(TARGET_NAME)";
				SWIFT_VERSION = 3.0;
			};
			name = Release;
		};
/* End XCBuildConfiguration section */

/* Begin XCConfigurationList section */
		F4A688521EE3F0AF004EF952 /* Build configuration list for PBXProject "InteractiveStory" */ = {
			isa = XCConfigurationList;
			buildConfigurations = (
				F4A688671EE3F0AF004EF952 /* Debug */,
				F4A688681EE3F0AF004EF952 /* Release */,
			);
			defaultConfigurationIsVisible = 0;
			defaultConfigurationName = Release;
		};
		F4A688691EE3F0AF004EF952 /* Build configuration list for PBXNativeTarget "InteractiveStory" */ = {
			isa = XCConfigurationList;
			buildConfigurations = (
				F4A6886A1EE3F0AF004EF952 /* Debug */,
				F4A6886B1EE3F0AF004EF952 /* Release */,
			);
			defaultConfigurationIsVisible = 0;
			defaultConfigurationName = Release;
		};
/* End XCConfigurationList section */
	};
	rootObject = F4A6884F1EE3F0AF004EF952 /* Project object */;
}
